
Microsoft Visual Studio Solution File, Format Version 12.00
# Visual Studio 14
VisualStudioVersion = 14.0.25420.1
MinimumVisualStudioVersion = 10.0.40219.1
Project("{2150E333-8FDC-42A3-9474-1A3956D46DE8}") = "chapter_1", "chapter_1", "{6F7B0C8E-841E-4239-86E3-A6A55BE86841}"
EndProject
Project("{2150E333-8FDC-42A3-9474-1A3956D46DE8}") = "1.1.1", "1.1.1", "{B2D51A07-F268-4898-AD58-C597F0F8602C}"
EndProject
Project("{FAE04EC0-301F-11D3-BF4B-00C04F79EFBC}") = "UriDemo", "chapter_1\1.1.1\UriDemo\UriDemo.csproj", "{C44E407E-39E9-435A-869A-1CB293ADC822}"
EndProject
Project("{2150E333-8FDC-42A3-9474-1A3956D46DE8}") = "msdn", "msdn", "{7F67715D-84C1-4B65-8ED2-66BA7CBBDC55}"
EndProject
Project("{FAE04EC0-301F-11D3-BF4B-00C04F79EFBC}") = "BasicWebApp", "msdn\BasicWebApp\BasicWebApp.csproj", "{FB2A832E-BC04-4AFB-8B0D-9EE62CB14ADA}"
EndProject
Global
	GlobalSection(SolutionConfigurationPlatforms) = preSolution
		Debug|Any CPU = Debug|Any CPU
		Release|Any CPU = Release|Any CPU
	EndGlobalSection
	GlobalSection(ProjectConfigurationPlatforms) = postSolution
		{C44E407E-39E9-435A-869A-1CB293ADC822}.Debug|Any CPU.ActiveCfg = Debug|Any CPU
		{C44E407E-39E9-435A-869A-1CB293ADC822}.Debug|Any CPU.Build.0 = Debug|Any CPU
		{C44E407E-39E9-435A-869A-1CB293ADC822}.Release|Any CPU.ActiveCfg = Release|Any CPU
		{C44E407E-39E9-435A-869A-1CB293ADC822}.Release|Any CPU.Build.0 = Release|Any CPU
		{FB2A832E-BC04-4AFB-8B0D-9EE62CB14ADA}.Debug|Any CPU.ActiveCfg = Debug|Any CPU
		{FB2A832E-BC04-4AFB-8B0D-9EE62CB14ADA}.Debug|Any CPU.Build.0 = Debug|Any CPU
		{FB2A832E-BC04-4AFB-8B0D-9EE62CB14ADA}.Release|Any CPU.ActiveCfg = Release|Any CPU
		{FB2A832E-BC04-4AFB-8B0D-9EE62CB14ADA}.Release|Any CPU.Build.0 = Release|Any CPU
	EndGlobalSection
	GlobalSection(SolutionProperties) = preSolution
		HideSolutionNode = FALSE
	EndGlobalSection
	GlobalSection(NestedProjects) = preSolution
		{B2D51A07-F268-4898-AD58-C597F0F8602C} = {6F7B0C8E-841E-4239-86E3-A6A55BE86841}
		{C44E407E-39E9-435A-869A-1CB293ADC822} = {B2D51A07-F268-4898-AD58-C597F0F8602C}
		{FB2A832E-BC04-4AFB-8B0D-9EE62CB14ADA} = {7F67715D-84C1-4B65-8ED2-66BA7CBBDC55}
	EndGlobalSection
EndGlobal
